{
  "nodes": {
    "nixpkgs": {
      "locked": {
        "lastModified": 1761373498,
        "narHash": "sha256-Q/uhWNvd7V7k1H1ZPMy/vkx3F8C13ZcdrKjO7Jv7v0c=",
        "owner": "NixOS",
        "repo": "nixpkgs",
        "rev": "6a08e6bb4e46ff7fcbb53d409b253f6bad8a28ce",
        "type": "github"
      },
      "original": {
        "id": "nixpkgs",
        "ref": "nixos-unstable",
        "type": "indirect"
      }
    },
    "root": {
      "inputs": {
        "nixpkgs": "nixpkgs",
        "vencloud": "vencloud"
      }
    },
    "vencloud": {
      "flake": false,
      "locked": {
        "lastModified": 1744020541,
        "narHash": "sha256-6BVkeWbbAzbdU33eUYxmEQBg9Y/gUxyQRqO5qNXY274=",
        "owner": "Vencord",
        "repo": "Vencloud",
        "rev": "849c44d858379f5f8686b795588213c958f072b3",
        "type": "github"
      },
      "original": {
        "owner": "Vencord",
        "ref": "main",
        "repo": "Vencloud",
        "type": "github"
      }
    }
  },
  "root": "root",
  "version": 7
}
